
Microsoft Visual Studio Solution File, Format Version 12.00
# Visual Studio Version 17
VisualStudioVersion = 17.4.33205.214
MinimumVisualStudioVersion = 10.0.40219.1
Project("{FAE04EC0-301F-11D3-BF4B-00C04F79EFBC}") = "FastEnpointsDemo", "FastEnpointsDemo\FastEnpointsDemo.csproj", "{F972A0F0-ED6D-478F-A423-BD9E0B8597A7}"
EndProject
Global
	GlobalSection(SolutionConfigurationPlatforms) = preSolution
		Debug|Any CPU = Debug|Any CPU
		Release|Any CPU = Release|Any CPU
	EndGlobalSection
	GlobalSection(ProjectConfigurationPlatforms) = postSolution
		{F972A0F0-ED6D-478F-A423-BD9E0B8597A7}.Debug|Any CPU.ActiveCfg = Debug|Any CPU
		{F972A0F0-ED6D-478F-A423-BD9E0B8597A7}.Debug|Any CPU.Build.0 = Debug|Any CPU
		{F972A0F0-ED6D-478F-A423-BD9E0B8597A7}.Release|Any CPU.ActiveCfg = Release|Any CPU
		{F972A0F0-ED6D-478F-A423-BD9E0B8597A7}.Release|Any CPU.Build.0 = Release|Any CPU
	EndGlobalSection
	GlobalSection(SolutionProperties) = preSolution
		HideSolutionNode = FALSE
	EndGlobalSection
	GlobalSection(ExtensibilityGlobals) = postSolution
		SolutionGuid = {2FB13792-C32A-4A24-B8E5-3651A9B960A0}
	EndGlobalSection
EndGlobal
